
Microsoft Visual Studio Solution File, Format Version 12.00
# Visual Studio Version 16
VisualStudioVersion = 16.0.29424.173
MinimumVisualStudioVersion = 10.0.40219.1
Project("{FAE04EC0-301F-11D3-BF4B-00C04F79EFBC}") = "MyOrgAPICoreApp", "MyOrgAPICoreApp\MyOrgAPICoreApp.csproj", "{BE864FD7-70E7-437D-8E8E-36CBE96F3536}"
EndProject
Global
	GlobalSection(SolutionConfigurationPlatforms) = preSolution
		Debug|Any CPU = Debug|Any CPU
		Release|Any CPU = Release|Any CPU
	EndGlobalSection
	GlobalSection(ProjectConfigurationPlatforms) = postSolution
		{BE864FD7-70E7-437D-8E8E-36CBE96F3536}.Debug|Any CPU.ActiveCfg = Debug|Any CPU
		{BE864FD7-70E7-437D-8E8E-36CBE96F3536}.Debug|Any CPU.Build.0 = Debug|Any CPU
		{BE864FD7-70E7-437D-8E8E-36CBE96F3536}.Release|Any CPU.ActiveCfg = Release|Any CPU
		{BE864FD7-70E7-437D-8E8E-36CBE96F3536}.Release|Any CPU.Build.0 = Release|Any CPU
	EndGlobalSection
	GlobalSection(SolutionProperties) = preSolution
		HideSolutionNode = FALSE
	EndGlobalSection
	GlobalSection(ExtensibilityGlobals) = postSolution
		SolutionGuid = {3EC4F296-118D-45DB-960D-961E2D69238C}
	EndGlobalSection
EndGlobal
